PODS:
  - CrashlyticsFramework (2.1.9)
  - GoogleAnalytics-iOS-SDK (3.0.3)

DEPENDENCIES:
  - CrashlyticsFramework (~> 2.1)
  - GoogleAnalytics-iOS-SDK (~> 3.0)

SPEC CHECKSUMS:
  CrashlyticsFramework: 627558b48c087a040c32a32590e95ea19f11aace
  GoogleAnalytics-iOS-SDK: ee5322bf919d731d34ff3c8d891301e8f1e0e873

COCOAPODS: 0.33.1
