// !$*UTF8*$!
{
	archiveVersion = 1;
	classes = {
	};
	objectVersion = 46;
	objects = {

/* Begin PBXBuildFile section */
		8631AC6718CE55D400F45405 /* Foundation.framework in Frameworks */ = {isa = PBXBuildFile; fileRef = 8631AC6618CE55D400F45405 /* Foundation.framework */; };
		8631AC6918CE55D400F45405 /* CoreGraphics.framework in Frameworks */ = {isa = PBXBuildFile; fileRef = 8631AC6818CE55D400F45405 /* CoreGraphics.framework */; };
		8631AC6B18CE55D400F45405 /* UIKit.framework in Frameworks */ = {isa = PBXBuildFile; fileRef = 8631AC6A18CE55D400F45405 /* UIKit.framework */; };
		8631AC7118CE55D400F45405 /* InfoPlist.strings in Resources */ = {isa = PBXBuildFile; fileRef = 8631AC6F18CE55D400F45405 /* InfoPlist.strings */; };
		8631AC7318CE55D400F45405 /* main.m in Sources */ = {isa = PBXBuildFile; fileRef = 8631AC7218CE55D400F45405 /* main.m */; };
		8631AC7718CE55D400F45405 /* RAFAppDelegate.m in Sources */ = {isa = PBXBuildFile; fileRef = 8631AC7618CE55D400F45405 /* RAFAppDelegate.m */; };
		8631AC7A18CE55D400F45405 /* Main.storyboard in Resources */ = {isa = PBXBuildFile; fileRef = 8631AC7818CE55D400F45405 /* Main.storyboard */; };
		8631AC7D18CE55D400F45405 /* RAFMapViewController.m in Sources */ = {isa = PBXBuildFile; fileRef = 8631AC7C18CE55D400F45405 /* RAFMapViewController.m */; };
		8631AC8018CE55D400F45405 /* RAFLocationsViewController.m in Sources */ = {isa = PBXBuildFile; fileRef = 8631AC7F18CE55D400F45405 /* RAFLocationsViewController.m */; };
		8631AC8218CE55D400F45405 /* Images.xcassets in Resources */ = {isa = PBXBuildFile; fileRef = 8631AC8118CE55D400F45405 /* Images.xcassets */; };
		8631AC8918CE55D400F45405 /* XCTest.framework in Frameworks */ = {isa = PBXBuildFile; fileRef = 8631AC8818CE55D400F45405 /* XCTest.framework */; };
		8631AC8A18CE55D400F45405 /* Foundation.framework in Frameworks */ = {isa = PBXBuildFile; fileRef = 8631AC6618CE55D400F45405 /* Foundation.framework */; };
		8631AC8B18CE55D400F45405 /* UIKit.framework in Frameworks */ = {isa = PBXBuildFile; fileRef = 8631AC6A18CE55D400F45405 /* UIKit.framework */; };
		8631AC9318CE55D400F45405 /* InfoPlist.strings in Resources */ = {isa = PBXBuildFile; fileRef = 8631AC9118CE55D400F45405 /* InfoPlist.strings */; };
		8631AC9518CE55D400F45405 /* BBQTests.m in Sources */ = {isa = PBXBuildFile; fileRef = 8631AC9418CE55D400F45405 /* BBQTests.m */; };
		8631AC9F18CE5A6700F45405 /* MapKit.framework in Frameworks */ = {isa = PBXBuildFile; fileRef = 8631AC9E18CE5A6700F45405 /* MapKit.framework */; };
		8631ACA118CE5CF200F45405 /* CoreData.framework in Frameworks */ = {isa = PBXBuildFile; fileRef = 8631ACA018CE5CF200F45405 /* CoreData.framework */; };
		8631ACA718CE5E3900F45405 /* BBQ.xcdatamodeld in Sources */ = {isa = PBXBuildFile; fileRef = 8631ACA518CE5E3900F45405 /* BBQ.xcdatamodeld */; };
		8631ACA818CE5E3900F45405 /* BBQ.xcdatamodeld in Sources */ = {isa = PBXBuildFile; fileRef = 8631ACA518CE5E3900F45405 /* BBQ.xcdatamodeld */; };
		8631ACAB18CE60C100F45405 /* Placemark.m in Sources */ = {isa = PBXBuildFile; fileRef = 8631ACAA18CE60C100F45405 /* Placemark.m */; };
		8631ACAC18CE60C100F45405 /* Placemark.m in Sources */ = {isa = PBXBuildFile; fileRef = 8631ACAA18CE60C100F45405 /* Placemark.m */; };
		8631ACAE18CE77E900F45405 /* Berlin.json in Resources */ = {isa = PBXBuildFile; fileRef = 8631ACAD18CE77E900F45405 /* Berlin.json */; };
		8631ACAF18CE77E900F45405 /* Berlin.json in Resources */ = {isa = PBXBuildFile; fileRef = 8631ACAD18CE77E900F45405 /* Berlin.json */; };
		8631ACB218CFD54500F45405 /* RAFDetailViewController.m in Sources */ = {isa = PBXBuildFile; fileRef = 8631ACB118CFD54500F45405 /* RAFDetailViewController.m */; };
		8631ACB318CFD54500F45405 /* RAFDetailViewController.m in Sources */ = {isa = PBXBuildFile; fileRef = 8631ACB118CFD54500F45405 /* RAFDetailViewController.m */; };
		8631ACB618D0EBB000F45405 /* UIColor+Extensions.m in Sources */ = {isa = PBXBuildFile; fileRef = 8631ACB518D0EBB000F45405 /* UIColor+Extensions.m */; };
		8631ACB718D0EBB000F45405 /* UIColor+Extensions.m in Sources */ = {isa = PBXBuildFile; fileRef = 8631ACB518D0EBB000F45405 /* UIColor+Extensions.m */; };
		8631ACBC18D0FC3900F45405 /* Localizable.strings in Resources */ = {isa = PBXBuildFile; fileRef = 8631ACBF18D0FC3900F45405 /* Localizable.strings */; };
		8631ACBD18D0FC3900F45405 /* Localizable.strings in Resources */ = {isa = PBXBuildFile; fileRef = 8631ACBF18D0FC3900F45405 /* Localizable.strings */; };
		8631ACCB18D112F700F45405 /* map_selected.png in Resources */ = {isa = PBXBuildFile; fileRef = 8631ACC718D112F700F45405 /* map_selected.png */; };
		8631ACCC18D112F700F45405 /* map_selected.png in Resources */ = {isa = PBXBuildFile; fileRef = 8631ACC718D112F700F45405 /* map_selected.png */; };
		8631ACCD18D112F700F45405 /* grill_selected.png in Resources */ = {isa = PBXBuildFile; fileRef = 8631ACC818D112F700F45405 /* grill_selected.png */; };
		8631ACCE18D112F700F45405 /* grill_selected.png in Resources */ = {isa = PBXBuildFile; fileRef = 8631ACC818D112F700F45405 /* grill_selected.png */; };
		8631ACD118D112F700F45405 /* user_location.png in Resources */ = {isa = PBXBuildFile; fileRef = 8631ACCA18D112F700F45405 /* user_location.png */; };
		8631ACD218D112F700F45405 /* user_location.png in Resources */ = {isa = PBXBuildFile; fileRef = 8631ACCA18D112F700F45405 /* user_location.png */; };
		8631ACD418D1137800F45405 /* map_selected@2x.png in Resources */ = {isa = PBXBuildFile; fileRef = 8631ACD318D1137800F45405 /* map_selected@2x.png */; };
		8631ACD518D1137800F45405 /* map_selected@2x.png in Resources */ = {isa = PBXBuildFile; fileRef = 8631ACD318D1137800F45405 /* map_selected@2x.png */; };
		8631ACD718D113BB00F45405 /* grill_selected@2x.png in Resources */ = {isa = PBXBuildFile; fileRef = 8631ACD618D113BB00F45405 /* grill_selected@2x.png */; };
		8631ACD818D113BB00F45405 /* grill_selected@2x.png in Resources */ = {isa = PBXBuildFile; fileRef = 8631ACD618D113BB00F45405 /* grill_selected@2x.png */; };
		8631ACDA18D1155100F45405 /* pin@2x.png in Resources */ = {isa = PBXBuildFile; fileRef = 8631ACD918D1155100F45405 /* pin@2x.png */; };
		8631ACDB18D1155100F45405 /* pin@2x.png in Resources */ = {isa = PBXBuildFile; fileRef = 8631ACD918D1155100F45405 /* pin@2x.png */; };
		8631ACDD18D1159800F45405 /* pin.png in Resources */ = {isa = PBXBuildFile; fileRef = 8631ACDC18D1159800F45405 /* pin.png */; };
		8631ACDE18D1159800F45405 /* pin.png in Resources */ = {isa = PBXBuildFile; fileRef = 8631ACDC18D1159800F45405 /* pin.png */; };
		8631ACE018D1161000F45405 /* user_location@2x.png in Resources */ = {isa = PBXBuildFile; fileRef = 8631ACDF18D1161000F45405 /* user_location@2x.png */; };
		8631ACE118D1161000F45405 /* user_location@2x.png in Resources */ = {isa = PBXBuildFile; fileRef = 8631ACDF18D1161000F45405 /* user_location@2x.png */; };
		8631ACE518D4960300F45405 /* RAFAppearance.m in Sources */ = {isa = PBXBuildFile; fileRef = 8631ACE418D4960300F45405 /* RAFAppearance.m */; };
		8631ACE618D4960300F45405 /* RAFAppearance.m in Sources */ = {isa = PBXBuildFile; fileRef = 8631ACE418D4960300F45405 /* RAFAppearance.m */; };
		8631ACE918D49C8700F45405 /* chevron_right.png in Resources */ = {isa = PBXBuildFile; fileRef = 8631ACE718D49C8700F45405 /* chevron_right.png */; };
		8631ACEA18D49C8700F45405 /* chevron_right.png in Resources */ = {isa = PBXBuildFile; fileRef = 8631ACE718D49C8700F45405 /* chevron_right.png */; };
		8631ACEB18D49C8700F45405 /* chevron_right@2x.png in Resources */ = {isa = PBXBuildFile; fileRef = 8631ACE818D49C8700F45405 /* chevron_right@2x.png */; };
		8631ACEC18D49C8700F45405 /* chevron_right@2x.png in Resources */ = {isa = PBXBuildFile; fileRef = 8631ACE818D49C8700F45405 /* chevron_right@2x.png */; };
		8631ACF118D4C8A700F45405 /* grill_unselected.png in Resources */ = {isa = PBXBuildFile; fileRef = 8631ACED18D4C8A700F45405 /* grill_unselected.png */; };
		8631ACF218D4C8A700F45405 /* grill_unselected.png in Resources */ = {isa = PBXBuildFile; fileRef = 8631ACED18D4C8A700F45405 /* grill_unselected.png */; };
		8631ACF318D4C8A700F45405 /* grill_unselected@2x.png in Resources */ = {isa = PBXBuildFile; fileRef = 8631ACEE18D4C8A700F45405 /* grill_unselected@2x.png */; };
		8631ACF418D4C8A700F45405 /* grill_unselected@2x.png in Resources */ = {isa = PBXBuildFile; fileRef = 8631ACEE18D4C8A700F45405 /* grill_unselected@2x.png */; };
		8631ACF518D4C8A700F45405 /* map_unselected.png in Resources */ = {isa = PBXBuildFile; fileRef = 8631ACEF18D4C8A700F45405 /* map_unselected.png */; };
		8631ACF618D4C8A700F45405 /* map_unselected.png in Resources */ = {isa = PBXBuildFile; fileRef = 8631ACEF18D4C8A700F45405 /* map_unselected.png */; };
		8631ACF718D4C8A700F45405 /* map_unselected@2x.png in Resources */ = {isa = PBXBuildFile; fileRef = 8631ACF018D4C8A700F45405 /* map_unselected@2x.png */; };
		8631ACF818D4C8A700F45405 /* map_unselected@2x.png in Resources */ = {isa = PBXBuildFile; fileRef = 8631ACF018D4C8A700F45405 /* map_unselected@2x.png */; };
		8631ACFD18D4CBDF00F45405 /* RAFUtilities.m in Sources */ = {isa = PBXBuildFile; fileRef = 8631ACFC18D4CBDF00F45405 /* RAFUtilities.m */; };
		8631ACFE18D4CBDF00F45405 /* RAFUtilities.m in Sources */ = {isa = PBXBuildFile; fileRef = 8631ACFC18D4CBDF00F45405 /* RAFUtilities.m */; };
		8631AD0518D4D6E400F45405 /* expand_arrows@2x.png in Resources */ = {isa = PBXBuildFile; fileRef = 8631AD0118D4D6E400F45405 /* expand_arrows@2x.png */; };
		8631AD0618D4D6E400F45405 /* expand_arrows@2x.png in Resources */ = {isa = PBXBuildFile; fileRef = 8631AD0118D4D6E400F45405 /* expand_arrows@2x.png */; };
		8631AD0718D4D6E400F45405 /* collapse_arrows@2x.png in Resources */ = {isa = PBXBuildFile; fileRef = 8631AD0218D4D6E400F45405 /* collapse_arrows@2x.png */; };
		8631AD0818D4D6E400F45405 /* collapse_arrows@2x.png in Resources */ = {isa = PBXBuildFile; fileRef = 8631AD0218D4D6E400F45405 /* collapse_arrows@2x.png */; };
		8631AD0918D4D6E400F45405 /* collapse_arrows.png in Resources */ = {isa = PBXBuildFile; fileRef = 8631AD0318D4D6E400F45405 /* collapse_arrows.png */; };
		8631AD0A18D4D6E400F45405 /* collapse_arrows.png in Resources */ = {isa = PBXBuildFile; fileRef = 8631AD0318D4D6E400F45405 /* collapse_arrows.png */; };
		8631AD0B18D4D6E400F45405 /* expand_arrows.png in Resources */ = {isa = PBXBuildFile; fileRef = 8631AD0418D4D6E400F45405 /* expand_arrows.png */; };
		8631AD0C18D4D6E400F45405 /* expand_arrows.png in Resources */ = {isa = PBXBuildFile; fileRef = 8631AD0418D4D6E400F45405 /* expand_arrows.png */; };
		8631AD1318D4EDEC00F45405 /* info_icon.png in Resources */ = {isa = PBXBuildFile; fileRef = 8631AD0D18D4EDEC00F45405 /* info_icon.png */; };
		8631AD1418D4EDEC00F45405 /* info_icon.png in Resources */ = {isa = PBXBuildFile; fileRef = 8631AD0D18D4EDEC00F45405 /* info_icon.png */; };
		8631AD1518D4EDEC00F45405 /* info_icon@2x.png in Resources */ = {isa = PBXBuildFile; fileRef = 8631AD0E18D4EDEC00F45405 /* info_icon@2x.png */; };
		8631AD1618D4EDEC00F45405 /* info_icon@2x.png in Resources */ = {isa = PBXBuildFile; fileRef = 8631AD0E18D4EDEC00F45405 /* info_icon@2x.png */; };
		8631AD1718D4EDEC00F45405 /* runner_icon.png in Resources */ = {isa = PBXBuildFile; fileRef = 8631AD0F18D4EDEC00F45405 /* runner_icon.png */; };
		8631AD1818D4EDEC00F45405 /* runner_icon.png in Resources */ = {isa = PBXBuildFile; fileRef = 8631AD0F18D4EDEC00F45405 /* runner_icon.png */; };
		8631AD1918D4EDEC00F45405 /* bus_icon@2x.png in Resources */ = {isa = PBXBuildFile; fileRef = 8631AD1018D4EDEC00F45405 /* bus_icon@2x.png */; };
		8631AD1A18D4EDEC00F45405 /* bus_icon@2x.png in Resources */ = {isa = PBXBuildFile; fileRef = 8631AD1018D4EDEC00F45405 /* bus_icon@2x.png */; };
		8631AD1B18D4EDEC00F45405 /* runner_icon@2x.png in Resources */ = {isa = PBXBuildFile; fileRef = 8631AD1118D4EDEC00F45405 /* runner_icon@2x.png */; };
		8631AD1C18D4EDEC00F45405 /* runner_icon@2x.png in Resources */ = {isa = PBXBuildFile; fileRef = 8631AD1118D4EDEC00F45405 /* runner_icon@2x.png */; };
		8631AD1D18D4EDEC00F45405 /* bus_icon.png in Resources */ = {isa = PBXBuildFile; fileRef = 8631AD1218D4EDEC00F45405 /* bus_icon.png */; };
		8631AD1E18D4EDEC00F45405 /* bus_icon.png in Resources */ = {isa = PBXBuildFile; fileRef = 8631AD1218D4EDEC00F45405 /* bus_icon.png */; };
/* End PBXBuildFile section */

/* Begin PBXContainerItemProxy section */
		8631AC8C18CE55D400F45405 /* PBXContainerItemProxy */ = {
			isa = PBXContainerItemProxy;
			containerPortal = 8631AC5B18CE55D400F45405 /* Project object */;
			proxyType = 1;
			remoteGlobalIDString = 8631AC6218CE55D400F45405;
			remoteInfo = BBQ;
		};
/* End PBXContainerItemProxy section */

/* Begin PBXFileReference section */
		8631AC6318CE55D400F45405 /* BBQ.app */ = {isa = PBXFileReference; explicitFileType = wrapper.application; includeInIndex = 0; path = BBQ.app; sourceTree = BUILT_PRODUCTS_DIR; };
		8631AC6618CE55D400F45405 /* Foundation.framework */ = {isa = PBXFileReference; lastKnownFileType = wrapper.framework; name = Foundation.framework; path = System/Library/Frameworks/Foundation.framework; sourceTree = SDKROOT; };
		8631AC6818CE55D400F45405 /* CoreGraphics.framework */ = {isa = PBXFileReference; lastKnownFileType = wrapper.framework; name = CoreGraphics.framework; path = System/Library/Frameworks/CoreGraphics.framework; sourceTree = SDKROOT; };
		8631AC6A18CE55D400F45405 /* UIKit.framework */ = {isa = PBXFileReference; lastKnownFileType = wrapper.framework; name = UIKit.framework; path = System/Library/Frameworks/UIKit.framework; sourceTree = SDKROOT; };
		8631AC6E18CE55D400F45405 /* BBQ-Info.plist */ = {isa = PBXFileReference; lastKnownFileType = text.plist.xml; path = "BBQ-Info.plist"; sourceTree = "<group>"; };
		8631AC7018CE55D400F45405 /* en */ = {isa = PBXFileReference; lastKnownFileType = text.plist.strings; name = en; path = en.lproj/InfoPlist.strings; sourceTree = "<group>"; };
		8631AC7218CE55D400F45405 /* main.m */ = {isa = PBXFileReference; lastKnownFileType = sourcecode.c.objc; path = main.m; sourceTree = "<group>"; };
		8631AC7418CE55D400F45405 /* BBQ-Prefix.pch */ = {isa = PBXFileReference; lastKnownFileType = sourcecode.c.h; path = "BBQ-Prefix.pch"; sourceTree = "<group>"; };
		8631AC7518CE55D400F45405 /* RAFAppDelegate.h */ = {isa = PBXFileReference; lastKnownFileType = sourcecode.c.h; path = RAFAppDelegate.h; sourceTree = "<group>"; };
		8631AC7618CE55D400F45405 /* RAFAppDelegate.m */ = {isa = PBXFileReference; lastKnownFileType = sourcecode.c.objc; path = RAFAppDelegate.m; sourceTree = "<group>"; };
		8631AC7918CE55D400F45405 /* Base */ = {isa = PBXFileReference; lastKnownFileType = file.storyboard; name = Base; path = Base.lproj/Main.storyboard; sourceTree = "<group>"; };
		8631AC7B18CE55D400F45405 /* RAFMapViewController.h */ = {isa = PBXFileReference; lastKnownFileType = sourcecode.c.h; path = RAFMapViewController.h; sourceTree = "<group>"; };
		8631AC7C18CE55D400F45405 /* RAFMapViewController.m */ = {isa = PBXFileReference; lastKnownFileType = sourcecode.c.objc; path = RAFMapViewController.m; sourceTree = "<group>"; };
		8631AC7E18CE55D400F45405 /* RAFLocationsViewController.h */ = {isa = PBXFileReference; lastKnownFileType = sourcecode.c.h; path = RAFLocationsViewController.h; sourceTree = "<group>"; };
		8631AC7F18CE55D400F45405 /* RAFLocationsViewController.m */ = {isa = PBXFileReference; lastKnownFileType = sourcecode.c.objc; path = RAFLocationsViewController.m; sourceTree = "<group>"; };
		8631AC8118CE55D400F45405 /* Images.xcassets */ = {isa = PBXFileReference; lastKnownFileType = folder.assetcatalog; path = Images.xcassets; sourceTree = "<group>"; };
		8631AC8718CE55D400F45405 /* BBQTests.xctest */ = {isa = PBXFileReference; explicitFileType = wrapper.cfbundle; includeInIndex = 0; path = BBQTests.xctest; sourceTree = BUILT_PRODUCTS_DIR; };
		8631AC8818CE55D400F45405 /* XCTest.framework */ = {isa = PBXFileReference; lastKnownFileType = wrapper.framework; name = XCTest.framework; path = Library/Frameworks/XCTest.framework; sourceTree = DEVELOPER_DIR; };
		8631AC9018CE55D400F45405 /* BBQTests-Info.plist */ = {isa = PBXFileReference; lastKnownFileType = text.plist.xml; path = "BBQTests-Info.plist"; sourceTree = "<group>"; };
		8631AC9218CE55D400F45405 /* en */ = {isa = PBXFileReference; lastKnownFileType = text.plist.strings; name = en; path = en.lproj/InfoPlist.strings; sourceTree = "<group>"; };
		8631AC9418CE55D400F45405 /* BBQTests.m */ = {isa = PBXFileReference; lastKnownFileType = sourcecode.c.objc; path = BBQTests.m; sourceTree = "<group>"; };
		8631AC9E18CE5A6700F45405 /* MapKit.framework */ = {isa = PBXFileReference; lastKnownFileType = wrapper.framework; name = MapKit.framework; path = System/Library/Frameworks/MapKit.framework; sourceTree = SDKROOT; };
		8631ACA018CE5CF200F45405 /* CoreData.framework */ = {isa = PBXFileReference; lastKnownFileType = wrapper.framework; name = CoreData.framework; path = System/Library/Frameworks/CoreData.framework; sourceTree = SDKROOT; };
		8631ACA618CE5E3900F45405 /* BBQ.xcdatamodel */ = {isa = PBXFileReference; lastKnownFileType = wrapper.xcdatamodel; path = BBQ.xcdatamodel; sourceTree = "<group>"; };
		8631ACA918CE60C100F45405 /* Placemark.h */ = {isa = PBXFileReference; fileEncoding = 4; lastKnownFileType = sourcecode.c.h; path = Placemark.h; sourceTree = "<group>"; };
		8631ACAA18CE60C100F45405 /* Placemark.m */ = {isa = PBXFileReference; fileEncoding = 4; lastKnownFileType = sourcecode.c.objc; path = Placemark.m; sourceTree = "<group>"; };
		8631ACAD18CE77E900F45405 /* Berlin.json */ = {isa = PBXFileReference; fileEncoding = 4; lastKnownFileType = text.json; path = Berlin.json; sourceTree = "<group>"; };
		8631ACB018CFD54500F45405 /* RAFDetailViewController.h */ = {isa = PBXFileReference; fileEncoding = 4; lastKnownFileType = sourcecode.c.h; path = RAFDetailViewController.h; sourceTree = "<group>"; };
		8631ACB118CFD54500F45405 /* RAFDetailViewController.m */ = {isa = PBXFileReference; fileEncoding = 4; lastKnownFileType = sourcecode.c.objc; path = RAFDetailViewController.m; sourceTree = "<group>"; };
		8631ACB418D0EBB000F45405 /* UIColor+Extensions.h */ = {isa = PBXFileReference; fileEncoding = 4; lastKnownFileType = sourcecode.c.h; path = "UIColor+Extensions.h"; sourceTree = "<group>"; };
		8631ACB518D0EBB000F45405 /* UIColor+Extensions.m */ = {isa = PBXFileReference; fileEncoding = 4; lastKnownFileType = sourcecode.c.objc; path = "UIColor+Extensions.m"; sourceTree = "<group>"; };
		8631ACC018D0FC4000F45405 /* en */ = {isa = PBXFileReference; lastKnownFileType = text.plist.strings; name = en; path = en.lproj/Localizable.strings; sourceTree = "<group>"; };
		8631ACC118D0FC7700F45405 /* de */ = {isa = PBXFileReference; lastKnownFileType = text.plist.strings; name = de; path = de.lproj/InfoPlist.strings; sourceTree = "<group>"; };
		8631ACC218D0FC7700F45405 /* de */ = {isa = PBXFileReference; lastKnownFileType = text.plist.strings; name = de; path = de.lproj/Localizable.strings; sourceTree = "<group>"; };
		8631ACC318D0FC7700F45405 /* de */ = {isa = PBXFileReference; lastKnownFileType = text.plist.strings; name = de; path = de.lproj/InfoPlist.strings; sourceTree = "<group>"; };
		8631ACC718D112F700F45405 /* map_selected.png */ = {isa = PBXFileReference; lastKnownFileType = image.png; path = map_selected.png; sourceTree = "<group>"; };
		8631ACC818D112F700F45405 /* grill_selected.png */ = {isa = PBXFileReference; lastKnownFileType = image.png; path = grill_selected.png; sourceTree = "<group>"; };
		8631ACCA18D112F700F45405 /* user_location.png */ = {isa = PBXFileReference; lastKnownFileType = image.png; path = user_location.png; sourceTree = "<group>"; };
		8631ACD318D1137800F45405 /* map_selected@2x.png */ = {isa = PBXFileReference; lastKnownFileType = image.png; path = "map_selected@2x.png"; sourceTree = "<group>"; };
		8631ACD618D113BB00F45405 /* grill_selected@2x.png */ = {isa = PBXFileReference; lastKnownFileType = image.png; path = "grill_selected@2x.png"; sourceTree = "<group>"; };
		8631ACD918D1155100F45405 /* pin@2x.png */ = {isa = PBXFileReference; lastKnownFileType = image.png; path = "pin@2x.png"; sourceTree = "<group>"; };
		8631ACDC18D1159800F45405 /* pin.png */ = {isa = PBXFileReference; lastKnownFileType = image.png; path = pin.png; sourceTree = "<group>"; };
		8631ACDF18D1161000F45405 /* user_location@2x.png */ = {isa = PBXFileReference; lastKnownFileType = image.png; path = "user_location@2x.png"; sourceTree = "<group>"; };
		8631ACE318D4960300F45405 /* RAFAppearance.h */ = {isa = PBXFileReference; fileEncoding = 4; lastKnownFileType = sourcecode.c.h; path = RAFAppearance.h; sourceTree = "<group>"; };
		8631ACE418D4960300F45405 /* RAFAppearance.m */ = {isa = PBXFileReference; fileEncoding = 4; lastKnownFileType = sourcecode.c.objc; path = RAFAppearance.m; sourceTree = "<group>"; };
		8631ACE718D49C8700F45405 /* chevron_right.png */ = {isa = PBXFileReference; lastKnownFileType = image.png; path = chevron_right.png; sourceTree = "<group>"; };
		8631ACE818D49C8700F45405 /* chevron_right@2x.png */ = {isa = PBXFileReference; lastKnownFileType = image.png; path = "chevron_right@2x.png"; sourceTree = "<group>"; };
		8631ACED18D4C8A700F45405 /* grill_unselected.png */ = {isa = PBXFileReference; lastKnownFileType = image.png; path = grill_unselected.png; sourceTree = "<group>"; };
		8631ACEE18D4C8A700F45405 /* grill_unselected@2x.png */ = {isa = PBXFileReference; lastKnownFileType = image.png; path = "grill_unselected@2x.png"; sourceTree = "<group>"; };
		8631ACEF18D4C8A700F45405 /* map_unselected.png */ = {isa = PBXFileReference; lastKnownFileType = image.png; path = map_unselected.png; sourceTree = "<group>"; };
		8631ACF018D4C8A700F45405 /* map_unselected@2x.png */ = {isa = PBXFileReference; lastKnownFileType = image.png; path = "map_unselected@2x.png"; sourceTree = "<group>"; };
		8631ACFB18D4CBDF00F45405 /* RAFUtilities.h */ = {isa = PBXFileReference; fileEncoding = 4; lastKnownFileType = sourcecode.c.h; path = RAFUtilities.h; sourceTree = "<group>"; };
		8631ACFC18D4CBDF00F45405 /* RAFUtilities.m */ = {isa = PBXFileReference; fileEncoding = 4; lastKnownFileType = sourcecode.c.objc; path = RAFUtilities.m; sourceTree = "<group>"; };
		8631AD0118D4D6E400F45405 /* expand_arrows@2x.png */ = {isa = PBXFileReference; lastKnownFileType = image.png; path = "expand_arrows@2x.png"; sourceTree = "<group>"; };
		8631AD0218D4D6E400F45405 /* collapse_arrows@2x.png */ = {isa = PBXFileReference; lastKnownFileType = image.png; path = "collapse_arrows@2x.png"; sourceTree = "<group>"; };
		8631AD0318D4D6E400F45405 /* collapse_arrows.png */ = {isa = PBXFileReference; lastKnownFileType = image.png; path = collapse_arrows.png; sourceTree = "<group>"; };
		8631AD0418D4D6E400F45405 /* expand_arrows.png */ = {isa = PBXFileReference; lastKnownFileType = image.png; path = expand_arrows.png; sourceTree = "<group>"; };
		8631AD0D18D4EDEC00F45405 /* info_icon.png */ = {isa = PBXFileReference; lastKnownFileType = image.png; path = info_icon.png; sourceTree = "<group>"; };
		8631AD0E18D4EDEC00F45405 /* info_icon@2x.png */ = {isa = PBXFileReference; lastKnownFileType = image.png; path = "info_icon@2x.png"; sourceTree = "<group>"; };
		8631AD0F18D4EDEC00F45405 /* runner_icon.png */ = {isa = PBXFileReference; lastKnownFileType = image.png; path = runner_icon.png; sourceTree = "<group>"; };
		8631AD1018D4EDEC00F45405 /* bus_icon@2x.png */ = {isa = PBXFileReference; lastKnownFileType = image.png; path = "bus_icon@2x.png"; sourceTree = "<group>"; };
		8631AD1118D4EDEC00F45405 /* runner_icon@2x.png */ = {isa = PBXFileReference; lastKnownFileType = image.png; path = "runner_icon@2x.png"; sourceTree = "<group>"; };
		8631AD1218D4EDEC00F45405 /* bus_icon.png */ = {isa = PBXFileReference; lastKnownFileType = image.png; path = bus_icon.png; sourceTree = "<group>"; };
/* End PBXFileReference section */

/* Begin PBXFrameworksBuildPhase section */
		8631AC6018CE55D400F45405 /* Frameworks */ = {
			isa = PBXFrameworksBuildPhase;
			buildActionMask = 2147483647;
			files = (
				8631ACA118CE5CF200F45405 /* CoreData.framework in Frameworks */,
				8631AC9F18CE5A6700F45405 /* MapKit.framework in Frameworks */,
				8631AC6918CE55D400F45405 /* CoreGraphics.framework in Frameworks */,
				8631AC6B18CE55D400F45405 /* UIKit.framework in Frameworks */,
				8631AC6718CE55D400F45405 /* Foundation.framework in Frameworks */,
			);
			runOnlyForDeploymentPostprocessing = 0;
		};
		8631AC8418CE55D400F45405 /* Frameworks */ = {
			isa = PBXFrameworksBuildPhase;
			buildActionMask = 2147483647;
			files = (
				8631AC8918CE55D400F45405 /* XCTest.framework in Frameworks */,
				8631AC8B18CE55D400F45405 /* UIKit.framework in Frameworks */,
				8631AC8A18CE55D400F45405 /* Foundation.framework in Frameworks */,
			);
			runOnlyForDeploymentPostprocessing = 0;
		};
/* End PBXFrameworksBuildPhase section */

/* Begin PBXGroup section */
		8631AC5A18CE55D300F45405 = {
			isa = PBXGroup;
			children = (
				8631AC6C18CE55D400F45405 /* BBQ */,
				8631AC8E18CE55D400F45405 /* BBQTests */,
				8631AC6518CE55D400F45405 /* Frameworks */,
				8631AC6418CE55D400F45405 /* Products */,
			);
			sourceTree = "<group>";
		};
		8631AC6418CE55D400F45405 /* Products */ = {
			isa = PBXGroup;
			children = (
				8631AC6318CE55D400F45405 /* BBQ.app */,
				8631AC8718CE55D400F45405 /* BBQTests.xctest */,
			);
			name = Products;
			sourceTree = "<group>";
		};
		8631AC6518CE55D400F45405 /* Frameworks */ = {
			isa = PBXGroup;
			children = (
				8631ACA018CE5CF200F45405 /* CoreData.framework */,
				8631AC9E18CE5A6700F45405 /* MapKit.framework */,
				8631AC6618CE55D400F45405 /* Foundation.framework */,
				8631AC6818CE55D400F45405 /* CoreGraphics.framework */,
				8631AC6A18CE55D400F45405 /* UIKit.framework */,
				8631AC8818CE55D400F45405 /* XCTest.framework */,
			);
			name = Frameworks;
			sourceTree = "<group>";
		};
		8631AC6C18CE55D400F45405 /* BBQ */ = {
			isa = PBXGroup;
			children = (
				8631ACE218D495E900F45405 /* Appearance */,
				8631AC7518CE55D400F45405 /* RAFAppDelegate.h */,
				8631AC7618CE55D400F45405 /* RAFAppDelegate.m */,
				8631ACA418CE5E0C00F45405 /* Model */,
				8631ACA318CE5DFF00F45405 /* Resources */,
				8631ACA218CE5DEF00F45405 /* View Controllers */,
				8631ACB818D0EBC600F45405 /* Extensions */,
				8631AC6D18CE55D400F45405 /* Supporting Files */,
			);
			path = BBQ;
			sourceTree = "<group>";
		};
		8631AC6D18CE55D400F45405 /* Supporting Files */ = {
			isa = PBXGroup;
			children = (
				8631AC6E18CE55D400F45405 /* BBQ-Info.plist */,
				8631AC6F18CE55D400F45405 /* InfoPlist.strings */,
				8631AC7218CE55D400F45405 /* main.m */,
				8631AC7418CE55D400F45405 /* BBQ-Prefix.pch */,
			);
			name = "Supporting Files";
			sourceTree = "<group>";
		};
		8631AC8E18CE55D400F45405 /* BBQTests */ = {
			isa = PBXGroup;
			children = (
				8631AC9418CE55D400F45405 /* BBQTests.m */,
				8631AC8F18CE55D400F45405 /* Supporting Files */,
			);
			path = BBQTests;
			sourceTree = "<group>";
		};
		8631AC8F18CE55D400F45405 /* Supporting Files */ = {
			isa = PBXGroup;
			children = (
				8631AC9018CE55D400F45405 /* BBQTests-Info.plist */,
				8631AC9118CE55D400F45405 /* InfoPlist.strings */,
			);
			name = "Supporting Files";
			sourceTree = "<group>";
		};
		8631ACA218CE5DEF00F45405 /* View Controllers */ = {
			isa = PBXGroup;
			children = (
				8631AC7B18CE55D400F45405 /* RAFMapViewController.h */,
				8631AC7C18CE55D400F45405 /* RAFMapViewController.m */,
				8631AC7E18CE55D400F45405 /* RAFLocationsViewController.h */,
				8631AC7F18CE55D400F45405 /* RAFLocationsViewController.m */,
				8631ACB018CFD54500F45405 /* RAFDetailViewController.h */,
				8631ACB118CFD54500F45405 /* RAFDetailViewController.m */,
			);
			name = "View Controllers";
			sourceTree = "<group>";
		};
		8631ACA318CE5DFF00F45405 /* Resources */ = {
			isa = PBXGroup;
			children = (
				8631ACAD18CE77E900F45405 /* Berlin.json */,
				8631AD0D18D4EDEC00F45405 /* info_icon.png */,
				8631AD0E18D4EDEC00F45405 /* info_icon@2x.png */,
				8631AD0F18D4EDEC00F45405 /* runner_icon.png */,
				8631AD1018D4EDEC00F45405 /* bus_icon@2x.png */,
				8631AD1118D4EDEC00F45405 /* runner_icon@2x.png */,
				8631AD1218D4EDEC00F45405 /* bus_icon.png */,
				8631ACE718D49C8700F45405 /* chevron_right.png */,
				8631ACE818D49C8700F45405 /* chevron_right@2x.png */,
				8631AD0318D4D6E400F45405 /* collapse_arrows.png */,
				8631AD0218D4D6E400F45405 /* collapse_arrows@2x.png */,
				8631AD0418D4D6E400F45405 /* expand_arrows.png */,
				8631AD0118D4D6E400F45405 /* expand_arrows@2x.png */,
				8631ACC818D112F700F45405 /* grill_selected.png */,
				8631ACD618D113BB00F45405 /* grill_selected@2x.png */,
				8631ACED18D4C8A700F45405 /* grill_unselected.png */,
				8631ACEE18D4C8A700F45405 /* grill_unselected@2x.png */,
				8631AC8118CE55D400F45405 /* Images.xcassets */,
				8631ACBF18D0FC3900F45405 /* Localizable.strings */,
				8631AC7818CE55D400F45405 /* Main.storyboard */,
				8631ACC718D112F700F45405 /* map_selected.png */,
				8631ACD318D1137800F45405 /* map_selected@2x.png */,
				8631ACEF18D4C8A700F45405 /* map_unselected.png */,
				8631ACF018D4C8A700F45405 /* map_unselected@2x.png */,
				8631ACDC18D1159800F45405 /* pin.png */,
				8631ACD918D1155100F45405 /* pin@2x.png */,
				8631ACCA18D112F700F45405 /* user_location.png */,
				8631ACDF18D1161000F45405 /* user_location@2x.png */,
			);
			name = Resources;
			sourceTree = "<group>";
		};
		8631ACA418CE5E0C00F45405 /* Model */ = {
			isa = PBXGroup;
			children = (
				8631ACA518CE5E3900F45405 /* BBQ.xcdatamodeld */,
				8631ACA918CE60C100F45405 /* Placemark.h */,
				8631ACAA18CE60C100F45405 /* Placemark.m */,
			);
			name = Model;
			sourceTree = "<group>";
		};
		8631ACB818D0EBC600F45405 /* Extensions */ = {
			isa = PBXGroup;
			children = (
				8631ACFB18D4CBDF00F45405 /* RAFUtilities.h */,
				8631ACFC18D4CBDF00F45405 /* RAFUtilities.m */,
				8631ACB418D0EBB000F45405 /* UIColor+Extensions.h */,
				8631ACB518D0EBB000F45405 /* UIColor+Extensions.m */,
			);
			name = Extensions;
			sourceTree = "<group>";
		};
		8631ACE218D495E900F45405 /* Appearance */ = {
			isa = PBXGroup;
			children = (
				8631ACE318D4960300F45405 /* RAFAppearance.h */,
				8631ACE418D4960300F45405 /* RAFAppearance.m */,
			);
			name = Appearance;
			sourceTree = "<group>";
		};
/* End PBXGroup section */

/* Begin PBXNativeTarget section */
		8631AC6218CE55D400F45405 /* BBQ */ = {
			isa = PBXNativeTarget;
			buildConfigurationList = 8631AC9818CE55D400F45405 /* Build configuration list for PBXNativeTarget "BBQ" */;
			buildPhases = (
				8631AC5F18CE55D400F45405 /* Sources */,
				8631AC6018CE55D400F45405 /* Frameworks */,
				8631AC6118CE55D400F45405 /* Resources */,
			);
			buildRules = (
			);
			dependencies = (
			);
			name = BBQ;
			productName = BBQ;
			productReference = 8631AC6318CE55D400F45405 /* BBQ.app */;
			productType = "com.apple.product-type.application";
		};
		8631AC8618CE55D400F45405 /* BBQTests */ = {
			isa = PBXNativeTarget;
			buildConfigurationList = 8631AC9B18CE55D400F45405 /* Build configuration list for PBXNativeTarget "BBQTests" */;
			buildPhases = (
				8631AC8318CE55D400F45405 /* Sources */,
				8631AC8418CE55D400F45405 /* Frameworks */,
				8631AC8518CE55D400F45405 /* Resources */,
			);
			buildRules = (
			);
			dependencies = (
				8631AC8D18CE55D400F45405 /* PBXTargetDependency */,
			);
			name = BBQTests;
			productName = BBQTests;
			productReference = 8631AC8718CE55D400F45405 /* BBQTests.xctest */;
			productType = "com.apple.product-type.bundle.unit-test";
		};
/* End PBXNativeTarget section */

/* Begin PBXProject section */
		8631AC5B18CE55D400F45405 /* Project object */ = {
			isa = PBXProject;
			attributes = {
				CLASSPREFIX = RAF;
				LastUpgradeCheck = 0500;
				ORGANIZATIONNAME = "Rafal Sroka";
				TargetAttributes = {
					8631AC8618CE55D400F45405 = {
						TestTargetID = 8631AC6218CE55D400F45405;
					};
				};
			};
			buildConfigurationList = 8631AC5E18CE55D400F45405 /* Build configuration list for PBXProject "BBQ" */;
			compatibilityVersion = "Xcode 3.2";
			developmentRegion = English;
			hasScannedForEncodings = 0;
			knownRegions = (
				en,
				Base,
				de,
			);
			mainGroup = 8631AC5A18CE55D300F45405;
			productRefGroup = 8631AC6418CE55D400F45405 /* Products */;
			projectDirPath = "";
			projectRoot = "";
			targets = (
				8631AC6218CE55D400F45405 /* BBQ */,
				8631AC8618CE55D400F45405 /* BBQTests */,
			);
		};
/* End PBXProject section */

/* Begin PBXResourcesBuildPhase section */
		8631AC6118CE55D400F45405 /* Resources */ = {
			isa = PBXResourcesBuildPhase;
			buildActionMask = 2147483647;
			files = (
				8631AD0718D4D6E400F45405 /* collapse_arrows@2x.png in Resources */,
				8631AD1B18D4EDEC00F45405 /* runner_icon@2x.png in Resources */,
				8631AD1518D4EDEC00F45405 /* info_icon@2x.png in Resources */,
				8631AD1718D4EDEC00F45405 /* runner_icon.png in Resources */,
				8631ACCD18D112F700F45405 /* grill_selected.png in Resources */,
				8631ACF718D4C8A700F45405 /* map_unselected@2x.png in Resources */,
				8631AD0518D4D6E400F45405 /* expand_arrows@2x.png in Resources */,
				8631AD1318D4EDEC00F45405 /* info_icon.png in Resources */,
				8631AD0918D4D6E400F45405 /* collapse_arrows.png in Resources */,
				8631ACD418D1137800F45405 /* map_selected@2x.png in Resources */,
				8631ACF318D4C8A700F45405 /* grill_unselected@2x.png in Resources */,
				8631ACDA18D1155100F45405 /* pin@2x.png in Resources */,
				8631ACE018D1161000F45405 /* user_location@2x.png in Resources */,
				8631AD0B18D4D6E400F45405 /* expand_arrows.png in Resources */,
				8631ACE918D49C8700F45405 /* chevron_right.png in Resources */,
				8631ACCB18D112F700F45405 /* map_selected.png in Resources */,
				8631ACEB18D49C8700F45405 /* chevron_right@2x.png in Resources */,
				8631ACBC18D0FC3900F45405 /* Localizable.strings in Resources */,
				8631AC8218CE55D400F45405 /* Images.xcassets in Resources */,
				8631AC7118CE55D400F45405 /* InfoPlist.strings in Resources */,
				8631AC7A18CE55D400F45405 /* Main.storyboard in Resources */,
				8631ACD118D112F700F45405 /* user_location.png in Resources */,
				8631ACDD18D1159800F45405 /* pin.png in Resources */,
				8631ACF118D4C8A700F45405 /* grill_unselected.png in Resources */,
				8631ACD718D113BB00F45405 /* grill_selected@2x.png in Resources */,
				8631AD1918D4EDEC00F45405 /* bus_icon@2x.png in Resources */,
				8631AD1D18D4EDEC00F45405 /* bus_icon.png in Resources */,
				8631ACF518D4C8A700F45405 /* map_unselected.png in Resources */,
				8631ACAE18CE77E900F45405 /* Berlin.json in Resources */,
			);
			runOnlyForDeploymentPostprocessing = 0;
		};
		8631AC8518CE55D400F45405 /* Resources */ = {
			isa = PBXResourcesBuildPhase;
			buildActionMask = 2147483647;
			files = (
				8631AD0618D4D6E400F45405 /* expand_arrows@2x.png in Resources */,
				8631AD1A18D4EDEC00F45405 /* bus_icon@2x.png in Resources */,
				8631ACF818D4C8A700F45405 /* map_unselected@2x.png in Resources */,
				8631AD0A18D4D6E400F45405 /* collapse_arrows.png in Resources */,
				8631ACCC18D112F700F45405 /* map_selected.png in Resources */,
				8631AD1818D4EDEC00F45405 /* runner_icon.png in Resources */,
				8631ACD218D112F700F45405 /* user_location.png in Resources */,
				8631ACEA18D49C8700F45405 /* chevron_right.png in Resources */,
				8631ACCE18D112F700F45405 /* grill_selected.png in Resources */,
				8631ACDE18D1159800F45405 /* pin.png in Resources */,
				8631AC9318CE55D400F45405 /* InfoPlist.strings in Resources */,
				8631AD1C18D4EDEC00F45405 /* runner_icon@2x.png in Resources */,
				8631ACDB18D1155100F45405 /* pin@2x.png in Resources */,
				8631AD1E18D4EDEC00F45405 /* bus_icon.png in Resources */,
				8631ACD818D113BB00F45405 /* grill_selected@2x.png in Resources */,
				8631ACEC18D49C8700F45405 /* chevron_right@2x.png in Resources */,
				8631ACD518D1137800F45405 /* map_selected@2x.png in Resources */,
				8631ACBD18D0FC3900F45405 /* Localizable.strings in Resources */,
				8631ACF218D4C8A700F45405 /* grill_unselected.png in Resources */,
				8631ACAF18CE77E900F45405 /* Berlin.json in Resources */,
				8631AD0C18D4D6E400F45405 /* expand_arrows.png in Resources */,
				8631ACF418D4C8A700F45405 /* grill_unselected@2x.png in Resources */,
				8631ACF618D4C8A700F45405 /* map_unselected.png in Resources */,
				8631AD1618D4EDEC00F45405 /* info_icon@2x.png in Resources */,
				8631ACE118D1161000F45405 /* user_location@2x.png in Resources */,
				8631AD1418D4EDEC00F45405 /* info_icon.png in Resources */,
				8631AD0818D4D6E400F45405 /* collapse_arrows@2x.png in Resources */,
			);
			runOnlyForDeploymentPostprocessing = 0;
		};
/* End PBXResourcesBuildPhase section */

/* Begin PBXSourcesBuildPhase section */
		8631AC5F18CE55D400F45405 /* Sources */ = {
			isa = PBXSourcesBuildPhase;
			buildActionMask = 2147483647;
			files = (
				8631ACE518D4960300F45405 /* RAFAppearance.m in Sources */,
				8631ACAB18CE60C100F45405 /* Placemark.m in Sources */,
				8631AC8018CE55D400F45405 /* RAFLocationsViewController.m in Sources */,
				8631AC7718CE55D400F45405 /* RAFAppDelegate.m in Sources */,
				8631ACFD18D4CBDF00F45405 /* RAFUtilities.m in Sources */,
				8631AC7318CE55D400F45405 /* main.m in Sources */,
				8631ACB218CFD54500F45405 /* RAFDetailViewController.m in Sources */,
				8631ACA718CE5E3900F45405 /* BBQ.xcdatamodeld in Sources */,
				8631AC7D18CE55D400F45405 /* RAFMapViewController.m in Sources */,
				8631ACB618D0EBB000F45405 /* UIColor+Extensions.m in Sources */,
			);
			runOnlyForDeploymentPostprocessing = 0;
		};
		8631AC8318CE55D400F45405 /* Sources */ = {
			isa = PBXSourcesBuildPhase;
			buildActionMask = 2147483647;
			files = (
				8631ACAC18CE60C100F45405 /* Placemark.m in Sources */,
				8631AC9518CE55D400F45405 /* BBQTests.m in Sources */,
				8631ACA818CE5E3900F45405 /* BBQ.xcdatamodeld in Sources */,
				8631ACE618D4960300F45405 /* RAFAppearance.m in Sources */,
				8631ACFE18D4CBDF00F45405 /* RAFUtilities.m in Sources */,
				8631ACB318CFD54500F45405 /* RAFDetailViewController.m in Sources */,
				8631ACB718D0EBB000F45405 /* UIColor+Extensions.m in Sources */,
			);
			runOnlyForDeploymentPostprocessing = 0;
		};
/* End PBXSourcesBuildPhase section */

/* Begin PBXTargetDependency section */
		8631AC8D18CE55D400F45405 /* PBXTargetDependency */ = {
			isa = PBXTargetDependency;
			target = 8631AC6218CE55D400F45405 /* BBQ */;
			targetProxy = 8631AC8C18CE55D400F45405 /* PBXContainerItemProxy */;
		};
/* End PBXTargetDependency section */

/* Begin PBXVariantGroup section */
		8631AC6F18CE55D400F45405 /* InfoPlist.strings */ = {
			isa = PBXVariantGroup;
			children = (
				8631AC7018CE55D400F45405 /* en */,
				8631ACC118D0FC7700F45405 /* de */,
			);
			name = InfoPlist.strings;
			sourceTree = "<group>";
		};
		8631AC7818CE55D400F45405 /* Main.storyboard */ = {
			isa = PBXVariantGroup;
			children = (
				8631AC7918CE55D400F45405 /* Base */,
			);
			name = Main.storyboard;
			sourceTree = "<group>";
		};
		8631AC9118CE55D400F45405 /* InfoPlist.strings */ = {
			isa = PBXVariantGroup;
			children = (
				8631AC9218CE55D400F45405 /* en */,
				8631ACC318D0FC7700F45405 /* de */,
			);
			name = InfoPlist.strings;
			sourceTree = "<group>";
		};
		8631ACBF18D0FC3900F45405 /* Localizable.strings */ = {
			isa = PBXVariantGroup;
			children = (
				8631ACC018D0FC4000F45405 /* en */,
				8631ACC218D0FC7700F45405 /* de */,
			);
			name = Localizable.strings;
			sourceTree = "<group>";
		};
/* End PBXVariantGroup section */

/* Begin XCBuildConfiguration section */
		8631AC9618CE55D400F45405 /* Debug */ = {
			isa = XCBuildConfiguration;
			buildSettings = {
				ALWAYS_SEARCH_USER_PATHS = NO;
				ARCHS = "$(ARCHS_STANDARD_INCLUDING_64_BIT)";
				CLANG_CXX_LANGUAGE_STANDARD = "gnu++0x";
				CLANG_CXX_LIBRARY = "libc++";
				CLANG_ENABLE_MODULES = YES;
				CLANG_ENABLE_OBJC_ARC = YES;
				CLANG_WARN_BOOL_CONVERSION = YES;
				CLANG_WARN_CONSTANT_CONVERSION = YES;
				CLANG_WARN_DIRECT_OBJC_ISA_USAGE = YES_ERROR;
				CLANG_WARN_EMPTY_BODY = YES;
				CLANG_WARN_ENUM_CONVERSION = YES;
				CLANG_WARN_INT_CONVERSION = YES;
				CLANG_WARN_OBJC_ROOT_CLASS = YES_ERROR;
				CLANG_WARN__DUPLICATE_METHOD_MATCH = YES;
				"CODE_SIGN_IDENTITY[sdk=iphoneos*]" = "iPhone Developer";
				COPY_PHASE_STRIP = NO;
				GCC_C_LANGUAGE_STANDARD = gnu99;
				GCC_DYNAMIC_NO_PIC = NO;
				GCC_OPTIMIZATION_LEVEL = 0;
				GCC_PREPROCESSOR_DEFINITIONS = (
					"DEBUG=1",
					"$(inherited)",
				);
				GCC_SYMBOLS_PRIVATE_EXTERN = NO;
				GCC_WARN_64_TO_32_BIT_CONVERSION = YES;
				GCC_WARN_ABOUT_RETURN_TYPE = YES_ERROR;
				GCC_WARN_UNDECLARED_SELECTOR = YES;
				GCC_WARN_UNINITIALIZED_AUTOS = YES;
				GCC_WARN_UNUSED_FUNCTION = YES;
				GCC_WARN_UNUSED_VARIABLE = YES;
				IPHONEOS_DEPLOYMENT_TARGET = 7.0;
				ONLY_ACTIVE_ARCH = YES;
				SDKROOT = iphoneos;
			};
			name = Debug;
		};
		8631AC9718CE55D400F45405 /* Release */ = {
			isa = XCBuildConfiguration;
			buildSettings = {
				ALWAYS_SEARCH_USER_PATHS = NO;
				ARCHS = "$(ARCHS_STANDARD_INCLUDING_64_BIT)";
				CLANG_CXX_LANGUAGE_STANDARD = "gnu++0x";
				CLANG_CXX_LIBRARY = "libc++";
				CLANG_ENABLE_MODULES = YES;
				CLANG_ENABLE_OBJC_ARC = YES;
				CLANG_WARN_BOOL_CONVERSION = YES;
				CLANG_WARN_CONSTANT_CONVERSION = YES;
				CLANG_WARN_DIRECT_OBJC_ISA_USAGE = YES_ERROR;
				CLANG_WARN_EMPTY_BODY = YES;
				CLANG_WARN_ENUM_CONVERSION = YES;
				CLANG_WARN_INT_CONVERSION = YES;
				CLANG_WARN_OBJC_ROOT_CLASS = YES_ERROR;
				CLANG_WARN__DUPLICATE_METHOD_MATCH = YES;
				"CODE_SIGN_IDENTITY[sdk=iphoneos*]" = "iPhone Developer";
				COPY_PHASE_STRIP = YES;
				ENABLE_NS_ASSERTIONS = NO;
				GCC_C_LANGUAGE_STANDARD = gnu99;
				GCC_WARN_64_TO_32_BIT_CONVERSION = YES;
				GCC_WARN_ABOUT_RETURN_TYPE = YES_ERROR;
				GCC_WARN_UNDECLARED_SELECTOR = YES;
				GCC_WARN_UNINITIALIZED_AUTOS = YES;
				GCC_WARN_UNUSED_FUNCTION = YES;
				GCC_WARN_UNUSED_VARIABLE = YES;
				IPHONEOS_DEPLOYMENT_TARGET = 7.0;
				SDKROOT = iphoneos;
				VALIDATE_PRODUCT = YES;
			};
			name = Release;
		};
		8631AC9918CE55D400F45405 /* Debug */ = {
			isa = XCBuildConfiguration;
			buildSettings = {
				ASSETCATALOG_COMPILER_APPICON_NAME = AppIcon;
				ASSETCATALOG_COMPILER_LAUNCHIMAGE_NAME = LaunchImage;
				GCC_PRECOMPILE_PREFIX_HEADER = YES;
				GCC_PREFIX_HEADER = "BBQ/BBQ-Prefix.pch";
				INFOPLIST_FILE = "BBQ/BBQ-Info.plist";
				PRODUCT_NAME = "$(TARGET_NAME)";
				WRAPPER_EXTENSION = app;
			};
			name = Debug;
		};
		8631AC9A18CE55D400F45405 /* Release */ = {
			isa = XCBuildConfiguration;
			buildSettings = {
				ASSETCATALOG_COMPILER_APPICON_NAME = AppIcon;
				ASSETCATALOG_COMPILER_LAUNCHIMAGE_NAME = LaunchImage;
				GCC_PRECOMPILE_PREFIX_HEADER = YES;
				GCC_PREFIX_HEADER = "BBQ/BBQ-Prefix.pch";
				INFOPLIST_FILE = "BBQ/BBQ-Info.plist";
				PRODUCT_NAME = "$(TARGET_NAME)";
				WRAPPER_EXTENSION = app;
			};
			name = Release;
		};
		8631AC9C18CE55D400F45405 /* Debug */ = {
			isa = XCBuildConfiguration;
			buildSettings = {
				ARCHS = "$(ARCHS_STANDARD_INCLUDING_64_BIT)";
				BUNDLE_LOADER = "$(BUILT_PRODUCTS_DIR)/BBQ.app/BBQ";
				FRAMEWORK_SEARCH_PATHS = (
					"$(SDKROOT)/Developer/Library/Frameworks",
					"$(inherited)",
					"$(DEVELOPER_FRAMEWORKS_DIR)",
				);
				GCC_PRECOMPILE_PREFIX_HEADER = YES;
				GCC_PREFIX_HEADER = "BBQ/BBQ-Prefix.pch";
				GCC_PREPROCESSOR_DEFINITIONS = (
					"DEBUG=1",
					"$(inherited)",
				);
				INFOPLIST_FILE = "BBQTests/BBQTests-Info.plist";
				PRODUCT_NAME = "$(TARGET_NAME)";
				TEST_HOST = "$(BUNDLE_LOADER)";
				WRAPPER_EXTENSION = xctest;
			};
			name = Debug;
		};
		8631AC9D18CE55D400F45405 /* Release */ = {
			isa = XCBuildConfiguration;
			buildSettings = {
				ARCHS = "$(ARCHS_STANDARD_INCLUDING_64_BIT)";
				BUNDLE_LOADER = "$(BUILT_PRODUCTS_DIR)/BBQ.app/BBQ";
				FRAMEWORK_SEARCH_PATHS = (
					"$(SDKROOT)/Developer/Library/Frameworks",
					"$(inherited)",
					"$(DEVELOPER_FRAMEWORKS_DIR)",
				);
				GCC_PRECOMPILE_PREFIX_HEADER = YES;
				GCC_PREFIX_HEADER = "BBQ/BBQ-Prefix.pch";
				INFOPLIST_FILE = "BBQTests/BBQTests-Info.plist";
				PRODUCT_NAME = "$(TARGET_NAME)";
				TEST_HOST = "$(BUNDLE_LOADER)";
				WRAPPER_EXTENSION = xctest;
			};
			name = Release;
		};
/* End XCBuildConfiguration section */

/* Begin XCConfigurationList section */
		8631AC5E18CE55D400F45405 /* Build configuration list for PBXProject "BBQ" */ = {
			isa = XCConfigurationList;
			buildConfigurations = (
				8631AC9618CE55D400F45405 /* Debug */,
				8631AC9718CE55D400F45405 /* Release */,
			);
			defaultConfigurationIsVisible = 0;
			defaultConfigurationName = Release;
		};
		8631AC9818CE55D400F45405 /* Build configuration list for PBXNativeTarget "BBQ" */ = {
			isa = XCConfigurationList;
			buildConfigurations = (
				8631AC9918CE55D400F45405 /* Debug */,
				8631AC9A18CE55D400F45405 /* Release */,
			);
			defaultConfigurationIsVisible = 0;
			defaultConfigurationName = Release;
		};
		8631AC9B18CE55D400F45405 /* Build configuration list for PBXNativeTarget "BBQTests" */ = {
			isa = XCConfigurationList;
			buildConfigurations = (
				8631AC9C18CE55D400F45405 /* Debug */,
				8631AC9D18CE55D400F45405 /* Release */,
			);
			defaultConfigurationIsVisible = 0;
			defaultConfigurationName = Release;
		};
/* End XCConfigurationList section */

/* Begin XCVersionGroup section */
		8631ACA518CE5E3900F45405 /* BBQ.xcdatamodeld */ = {
			isa = XCVersionGroup;
			children = (
				8631ACA618CE5E3900F45405 /* BBQ.xcdatamodel */,
			);
			currentVersion = 8631ACA618CE5E3900F45405 /* BBQ.xcdatamodel */;
			path = BBQ.xcdatamodeld;
			sourceTree = "<group>";
			versionGroupType = wrapper.xcdatamodel;
		};
/* End XCVersionGroup section */
	};
	rootObject = 8631AC5B18CE55D400F45405 /* Project object */;
}
